// !$*UTF8*$!
{
	archiveVersion = 1;
	classes = {
	};
	objectVersion = 46;
	objects = {

/* Begin PBXBuildFile section */
		F5BB583C1B61BB4600280EBD /* AppDelegate.swift in Sources */ = {isa = PBXBuildFile; fileRef = F5BB583B1B61BB4600280EBD /* AppDelegate.swift */; };
		F5BB583F1B61BB4600280EBD /* AccuratePitch.xcdatamodeld in Sources */ = {isa = PBXBuildFile; fileRef = F5BB583D1B61BB4600280EBD /* AccuratePitch.xcdatamodeld */; };
		F5BB58411B61BB4600280EBD /* ViewController.swift in Sources */ = {isa = PBXBuildFile; fileRef = F5BB58401B61BB4600280EBD /* ViewController.swift */; };
		F5BB58441B61BB4600280EBD /* Main.storyboard in Resources */ = {isa = PBXBuildFile; fileRef = F5BB58421B61BB4600280EBD /* Main.storyboard */; };
		F5BB58461B61BB4600280EBD /* Images.xcassets in Resources */ = {isa = PBXBuildFile; fileRef = F5BB58451B61BB4600280EBD /* Images.xcassets */; };
		F5BB58491B61BB4600280EBD /* LaunchScreen.xib in Resources */ = {isa = PBXBuildFile; fileRef = F5BB58471B61BB4600280EBD /* LaunchScreen.xib */; };
		F5BB58551B61BB4600280EBD /* AccuratePitchTests.swift in Sources */ = {isa = PBXBuildFile; fileRef = F5BB58541B61BB4600280EBD /* AccuratePitchTests.swift */; };
/* End PBXBuildFile section */

/* Begin PBXContainerItemProxy section */
		F5BB584F1B61BB4600280EBD /* PBXContainerItemProxy */ = {
			isa = PBXContainerItemProxy;
			containerPortal = F5BB582E1B61BB4600280EBD /* Project object */;
			proxyType = 1;
			remoteGlobalIDString = F5BB58351B61BB4600280EBD;
			remoteInfo = AccuratePitch;
		};
/* End PBXContainerItemProxy section */

/* Begin PBXFileReference section */
		F5BB58361B61BB4600280EBD /* AccuratePitch.app */ = {isa = PBXFileReference; explicitFileType = wrapper.application; includeInIndex = 0; path = AccuratePitch.app; sourceTree = BUILT_PRODUCTS_DIR; };
		F5BB583A1B61BB4600280EBD /* Info.plist */ = {isa = PBXFileReference; lastKnownFileType = text.plist.xml; path = Info.plist; sourceTree = "<group>"; };
		F5BB583B1B61BB4600280EBD /* AppDelegate.swift */ = {isa = PBXFileReference; lastKnownFileType = sourcecode.swift; path = AppDelegate.swift; sourceTree = "<group>"; };
		F5BB583E1B61BB4600280EBD /* AccuratePitch.xcdatamodel */ = {isa = PBXFileReference; lastKnownFileType = wrapper.xcdatamodel; path = AccuratePitch.xcdatamodel; sourceTree = "<group>"; };
		F5BB58401B61BB4600280EBD /* ViewController.swift */ = {isa = PBXFileReference; lastKnownFileType = sourcecode.swift; path = ViewController.swift; sourceTree = "<group>"; };
		F5BB58431B61BB4600280EBD /* Base */ = {isa = PBXFileReference; lastKnownFileType = file.storyboard; name = Base; path = Base.lproj/Main.storyboard; sourceTree = "<group>"; };
		F5BB58451B61BB4600280EBD /* Images.xcassets */ = {isa = PBXFileReference; lastKnownFileType = folder.assetcatalog; path = Images.xcassets; sourceTree = "<group>"; };
		F5BB58481B61BB4600280EBD /* Base */ = {isa = PBXFileReference; lastKnownFileType = file.xib; name = Base; path = Base.lproj/LaunchScreen.xib; sourceTree = "<group>"; };
		F5BB584E1B61BB4600280EBD /* AccuratePitchTests.xctest */ = {isa = PBXFileReference; explicitFileType = wrapper.cfbundle; includeInIndex = 0; path = AccuratePitchTests.xctest; sourceTree = BUILT_PRODUCTS_DIR; };
		F5BB58531B61BB4600280EBD /* Info.plist */ = {isa = PBXFileReference; lastKnownFileType = text.plist.xml; path = Info.plist; sourceTree = "<group>"; };
		F5BB58541B61BB4600280EBD /* AccuratePitchTests.swift */ = {isa = PBXFileReference; lastKnownFileType = sourcecode.swift; path = AccuratePitchTests.swift; sourceTree = "<group>"; };
/* End PBXFileReference section */

/* Begin PBXFrameworksBuildPhase section */
		F5BB58331B61BB4600280EBD /* Frameworks */ = {
			isa = PBXFrameworksBuildPhase;
			buildActionMask = 2147483647;
			files = (
			);
			runOnlyForDeploymentPostprocessing = 0;
		};
		F5BB584B1B61BB4600280EBD /* Frameworks */ = {
			isa = PBXFrameworksBuildPhase;
			buildActionMask = 2147483647;
			files = (
			);
			runOnlyForDeploymentPostprocessing = 0;
		};
/* End PBXFrameworksBuildPhase section */

/* Begin PBXGroup section */
		F5BB582D1B61BB4600280EBD = {
			isa = PBXGroup;
			children = (
				F5BB58381B61BB4600280EBD /* AccuratePitch */,
				F5BB58511B61BB4600280EBD /* AccuratePitchTests */,
				F5BB58371B61BB4600280EBD /* Products */,
			);
			sourceTree = "<group>";
		};
		F5BB58371B61BB4600280EBD /* Products */ = {
			isa = PBXGroup;
			children = (
				F5BB58361B61BB4600280EBD /* AccuratePitch.app */,
				F5BB584E1B61BB4600280EBD /* AccuratePitchTests.xctest */,
			);
			name = Products;
			sourceTree = "<group>";
		};
		F5BB58381B61BB4600280EBD /* AccuratePitch */ = {
			isa = PBXGroup;
			children = (
				F5BB583B1B61BB4600280EBD /* AppDelegate.swift */,
				F5BB58401B61BB4600280EBD /* ViewController.swift */,
				F5BB58421B61BB4600280EBD /* Main.storyboard */,
				F5BB58451B61BB4600280EBD /* Images.xcassets */,
				F5BB58471B61BB4600280EBD /* LaunchScreen.xib */,
				F5BB583D1B61BB4600280EBD /* AccuratePitch.xcdatamodeld */,
				F5BB58391B61BB4600280EBD /* Supporting Files */,
			);
			path = AccuratePitch;
			sourceTree = "<group>";
		};
		F5BB58391B61BB4600280EBD /* Supporting Files */ = {
			isa = PBXGroup;
			children = (
				F5BB583A1B61BB4600280EBD /* Info.plist */,
			);
			name = "Supporting Files";
			sourceTree = "<group>";
		};
		F5BB58511B61BB4600280EBD /* AccuratePitchTests */ = {
			isa = PBXGroup;
			children = (
				F5BB58541B61BB4600280EBD /* AccuratePitchTests.swift */,
				F5BB58521B61BB4600280EBD /* Supporting Files */,
			);
			path = AccuratePitchTests;
			sourceTree = "<group>";
		};
		F5BB58521B61BB4600280EBD /* Supporting Files */ = {
			isa = PBXGroup;
			children = (
				F5BB58531B61BB4600280EBD /* Info.plist */,
			);
			name = "Supporting Files";
			sourceTree = "<group>";
		};
/* End PBXGroup section */

/* Begin PBXNativeTarget section */
		F5BB58351B61BB4600280EBD /* AccuratePitch */ = {
			isa = PBXNativeTarget;
			buildConfigurationList = F5BB58581B61BB4600280EBD /* Build configuration list for PBXNativeTarget "AccuratePitch" */;
			buildPhases = (
				F5BB58321B61BB4600280EBD /* Sources */,
				F5BB58331B61BB4600280EBD /* Frameworks */,
				F5BB58341B61BB4600280EBD /* Resources */,
			);
			buildRules = (
			);
			dependencies = (
			);
			name = AccuratePitch;
			productName = AccuratePitch;
			productReference = F5BB58361B61BB4600280EBD /* AccuratePitch.app */;
			productType = "com.apple.product-type.application";
		};
		F5BB584D1B61BB4600280EBD /* AccuratePitchTests */ = {
			isa = PBXNativeTarget;
			buildConfigurationList = F5BB585B1B61BB4600280EBD /* Build configuration list for PBXNativeTarget "AccuratePitchTests" */;
			buildPhases = (
				F5BB584A1B61BB4600280EBD /* Sources */,
				F5BB584B1B61BB4600280EBD /* Frameworks */,
				F5BB584C1B61BB4600280EBD /* Resources */,
			);
			buildRules = (
			);
			dependencies = (
				F5BB58501B61BB4600280EBD /* PBXTargetDependency */,
			);
			name = AccuratePitchTests;
			productName = AccuratePitchTests;
			productReference = F5BB584E1B61BB4600280EBD /* AccuratePitchTests.xctest */;
			productType = "com.apple.product-type.bundle.unit-test";
		};
/* End PBXNativeTarget section */

/* Begin PBXProject section */
		F5BB582E1B61BB4600280EBD /* Project object */ = {
			isa = PBXProject;
			attributes = {
				LastUpgradeCheck = 0640;
				ORGANIZATIONNAME = AccuratePitch;
				TargetAttributes = {
					F5BB58351B61BB4600280EBD = {
						CreatedOnToolsVersion = 6.4;
					};
					F5BB584D1B61BB4600280EBD = {
						CreatedOnToolsVersion = 6.4;
						TestTargetID = F5BB58351B61BB4600280EBD;
					};
				};
			};
			buildConfigurationList = F5BB58311B61BB4600280EBD /* Build configuration list for PBXProject "AccuratePitch" */;
			compatibilityVersion = "Xcode 3.2";
			developmentRegion = English;
			hasScannedForEncodings = 0;
			knownRegions = (
				en,
				Base,
			);
			mainGroup = F5BB582D1B61BB4600280EBD;
			productRefGroup = F5BB58371B61BB4600280EBD /* Products */;
			projectDirPath = "";
			projectRoot = "";
			targets = (
				F5BB58351B61BB4600280EBD /* AccuratePitch */,
				F5BB584D1B61BB4600280EBD /* AccuratePitchTests */,
			);
		};
/* End PBXProject section */

/* Begin PBXResourcesBuildPhase section */
		F5BB58341B61BB4600280EBD /* Resources */ = {
			isa = PBXResourcesBuildPhase;
			buildActionMask = 2147483647;
			files = (
				F5BB58441B61BB4600280EBD /* Main.storyboard in Resources */,
				F5BB58491B61BB4600280EBD /* LaunchScreen.xib in Resources */,
				F5BB58461B61BB4600280EBD /* Images.xcassets in Resources */,
			);
			runOnlyForDeploymentPostprocessing = 0;
		};
		F5BB584C1B61BB4600280EBD /* Resources */ = {
			isa = PBXResourcesBuildPhase;
			buildActionMask = 2147483647;
			files = (
			);
			runOnlyForDeploymentPostprocessing = 0;
		};
/* End PBXResourcesBuildPhase section */

/* Begin PBXSourcesBuildPhase section */
		F5BB58321B61BB4600280EBD /* Sources */ = {
			isa = PBXSourcesBuildPhase;
			buildActionMask = 2147483647;
			files = (
				F5BB58411B61BB4600280EBD /* ViewController.swift in Sources */,
				F5BB583F1B61BB4600280EBD /* AccuratePitch.xcdatamodeld in Sources */,
				F5BB583C1B61BB4600280EBD /* AppDelegate.swift in Sources */,
			);
			runOnlyForDeploymentPostprocessing = 0;
		};
		F5BB584A1B61BB4600280EBD /* Sources */ = {
			isa = PBXSourcesBuildPhase;
			buildActionMask = 2147483647;
			files = (
				F5BB58551B61BB4600280EBD /* AccuratePitchTests.swift in Sources */,
			);
			runOnlyForDeploymentPostprocessing = 0;
		};
/* End PBXSourcesBuildPhase section */

/* Begin PBXTargetDependency section */
		F5BB58501B61BB4600280EBD /* PBXTargetDependency */ = {
			isa = PBXTargetDependency;
			target = F5BB58351B61BB4600280EBD /* AccuratePitch */;
			targetProxy = F5BB584F1B61BB4600280EBD /* PBXContainerItemProxy */;
		};
/* End PBXTargetDependency section */

/* Begin PBXVariantGroup section */
		F5BB58421B61BB4600280EBD /* Main.storyboard */ = {
			isa = PBXVariantGroup;
			children = (
				F5BB58431B61BB4600280EBD /* Base */,
			);
			name = Main.storyboard;
			sourceTree = "<group>";
		};
		F5BB58471B61BB4600280EBD /* LaunchScreen.xib */ = {
			isa = PBXVariantGroup;
			children = (
				F5BB58481B61BB4600280EBD /* Base */,
			);
			name = LaunchScreen.xib;
			sourceTree = "<group>";
		};
/* End PBXVariantGroup section */

/* Begin XCBuildConfiguration section */
		F5BB58561B61BB4600280EBD /* Debug */ = {
			isa = XCBuildConfiguration;
			buildSettings = {
				ALWAYS_SEARCH_USER_PATHS = NO;
				CLANG_CXX_LANGUAGE_STANDARD = "gnu++0x";
				CLANG_CXX_LIBRARY = "libc++";
				CLANG_ENABLE_MODULES = YES;
				CLANG_ENABLE_OBJC_ARC = YES;
				CLANG_WARN_BOOL_CONVERSION = YES;
				CLANG_WARN_CONSTANT_CONVERSION = YES;
				CLANG_WARN_DIRECT_OBJC_ISA_USAGE = YES_ERROR;
				CLANG_WARN_EMPTY_BODY = YES;
				CLANG_WARN_ENUM_CONVERSION = YES;
				CLANG_WARN_INT_CONVERSION = YES;
				CLANG_WARN_OBJC_ROOT_CLASS = YES_ERROR;
				CLANG_WARN_UNREACHABLE_CODE = YES;
				CLANG_WARN__DUPLICATE_METHOD_MATCH = YES;
				"CODE_SIGN_IDENTITY[sdk=iphoneos*]" = "iPhone Developer";
				COPY_PHASE_STRIP = NO;
				DEBUG_INFORMATION_FORMAT = "dwarf-with-dsym";
				ENABLE_STRICT_OBJC_MSGSEND = YES;
				GCC_C_LANGUAGE_STANDARD = gnu99;
				GCC_DYNAMIC_NO_PIC = NO;
				GCC_NO_COMMON_BLOCKS = YES;
				GCC_OPTIMIZATION_LEVEL = 0;
				GCC_PREPROCESSOR_DEFINITIONS = (
					"DEBUG=1",
					"$(inherited)",
				);
				GCC_SYMBOLS_PRIVATE_EXTERN = NO;
				GCC_WARN_64_TO_32_BIT_CONVERSION = YES;
				GCC_WARN_ABOUT_RETURN_TYPE = YES_ERROR;
				GCC_WARN_UNDECLARED_SELECTOR = YES;
				GCC_WARN_UNINITIALIZED_AUTOS = YES_AGGRESSIVE;
				GCC_WARN_UNUSED_FUNCTION = YES;
				GCC_WARN_UNUSED_VARIABLE = YES;
				IPHONEOS_DEPLOYMENT_TARGET = 8.4;
				MTL_ENABLE_DEBUG_INFO = YES;
				ONLY_ACTIVE_ARCH = YES;
				SDKROOT = iphoneos;
				SWIFT_OPTIMIZATION_LEVEL = "-Onone";
				TARGETED_DEVICE_FAMILY = "1,2";
			};
			name = Debug;
		};
		F5BB58571B61BB4600280EBD /* Release */ = {
			isa = XCBuildConfiguration;
			buildSettings = {
				ALWAYS_SEARCH_USER_PATHS = NO;
				CLANG_CXX_LANGUAGE_STANDARD = "gnu++0x";
				CLANG_CXX_LIBRARY = "libc++";
				CLANG_ENABLE_MODULES = YES;
				CLANG_ENABLE_OBJC_ARC = YES;
				CLANG_WARN_BOOL_CONVERSION = YES;
				CLANG_WARN_CONSTANT_CONVERSION = YES;
				CLANG_WARN_DIRECT_OBJC_ISA_USAGE = YES_ERROR;
				CLANG_WARN_EMPTY_BODY = YES;
				CLANG_WARN_ENUM_CONVERSION = YES;
				CLANG_WARN_INT_CONVERSION = YES;
				CLANG_WARN_OBJC_ROOT_CLASS = YES_ERROR;
				CLANG_WARN_UNREACHABLE_CODE = YES;
				CLANG_WARN__DUPLICATE_METHOD_MATCH = YES;
				"CODE_SIGN_IDENTITY[sdk=iphoneos*]" = "iPhone Developer";
				COPY_PHASE_STRIP = NO;
				DEBUG_INFORMATION_FORMAT = "dwarf-with-dsym";
				ENABLE_NS_ASSERTIONS = NO;
				ENABLE_STRICT_OBJC_MSGSEND = YES;
				GCC_C_LANGUAGE_STANDARD = gnu99;
				GCC_NO_COMMON_BLOCKS = YES;
				GCC_WARN_64_TO_32_BIT_CONVERSION = YES;
				GCC_WARN_ABOUT_RETURN_TYPE = YES_ERROR;
				GCC_WARN_UNDECLARED_SELECTOR = YES;
				GCC_WARN_UNINITIALIZED_AUTOS = YES_AGGRESSIVE;
				GCC_WARN_UNUSED_FUNCTION = YES;
				GCC_WARN_UNUSED_VARIABLE = YES;
				IPHONEOS_DEPLOYMENT_TARGET = 8.4;
				MTL_ENABLE_DEBUG_INFO = NO;
				SDKROOT = iphoneos;
				TARGETED_DEVICE_FAMILY = "1,2";
				VALIDATE_PRODUCT = YES;
			};
			name = Release;
		};
		F5BB58591B61BB4600280EBD /* Debug */ = {
			isa = XCBuildConfiguration;
			buildSettings = {
				ASSETCATALOG_COMPILER_APPICON_NAME = AppIcon;
				INFOPLIST_FILE = AccuratePitch/Info.plist;
				LD_RUNPATH_SEARCH_PATHS = "$(inherited) @executable_path/Frameworks";
				PRODUCT_NAME = "$(TARGET_NAME)";
			};
			name = Debug;
		};
		F5BB585A1B61BB4600280EBD /* Release */ = {
			isa = XCBuildConfiguration;
			buildSettings = {
				ASSETCATALOG_COMPILER_APPICON_NAME = AppIcon;
				INFOPLIST_FILE = AccuratePitch/Info.plist;
				LD_RUNPATH_SEARCH_PATHS = "$(inherited) @executable_path/Frameworks";
				PRODUCT_NAME = "$(TARGET_NAME)";
			};
			name = Release;
		};
		F5BB585C1B61BB4600280EBD /* Debug */ = {
			isa = XCBuildConfiguration;
			buildSettings = {
				BUNDLE_LOADER = "$(TEST_HOST)";
				FRAMEWORK_SEARCH_PATHS = (
					"$(SDKROOT)/Developer/Library/Frameworks",
					"$(inherited)",
				);
				GCC_PREPROCESSOR_DEFINITIONS = (
					"DEBUG=1",
					"$(inherited)",
				);
				INFOPLIST_FILE = AccuratePitchTests/Info.plist;
				LD_RUNPATH_SEARCH_PATHS = "$(inherited) @executable_path/Frameworks @loader_path/Frameworks";
				PRODUCT_NAME = "$(TARGET_NAME)";
				TEST_HOST = "$(BUILT_PRODUCTS_DIR)/AccuratePitch.app/AccuratePitch";
			};
			name = Debug;
		};
		F5BB585D1B61BB4600280EBD /* Release */ = {
			isa = XCBuildConfiguration;
			buildSettings = {
				BUNDLE_LOADER = "$(TEST_HOST)";
				FRAMEWORK_SEARCH_PATHS = (
					"$(SDKROOT)/Developer/Library/Frameworks",
					"$(inherited)",
				);
				INFOPLIST_FILE = AccuratePitchTests/Info.plist;
				LD_RUNPATH_SEARCH_PATHS = "$(inherited) @executable_path/Frameworks @loader_path/Frameworks";
				PRODUCT_NAME = "$(TARGET_NAME)";
				TEST_HOST = "$(BUILT_PRODUCTS_DIR)/AccuratePitch.app/AccuratePitch";
			};
			name = Release;
		};
/* End XCBuildConfiguration section */

/* Begin XCConfigurationList section */
		F5BB58311B61BB4600280EBD /* Build configuration list for PBXProject "AccuratePitch" */ = {
			isa = XCConfigurationList;
			buildConfigurations = (
				F5BB58561B61BB4600280EBD /* Debug */,
				F5BB58571B61BB4600280EBD /* Release */,
			);
			defaultConfigurationIsVisible = 0;
			defaultConfigurationName = Release;
		};
		F5BB58581B61BB4600280EBD /* Build configuration list for PBXNativeTarget "AccuratePitch" */ = {
			isa = XCConfigurationList;
			buildConfigurations = (
				F5BB58591B61BB4600280EBD /* Debug */,
				F5BB585A1B61BB4600280EBD /* Release */,
			);
			defaultConfigurationIsVisible = 0;
		};
		F5BB585B1B61BB4600280EBD /* Build configuration list for PBXNativeTarget "AccuratePitchTests" */ = {
			isa = XCConfigurationList;
			buildConfigurations = (
				F5BB585C1B61BB4600280EBD /* Debug */,
				F5BB585D1B61BB4600280EBD /* Release */,
			);
			defaultConfigurationIsVisible = 0;
		};
/* End XCConfigurationList section */

/* Begin XCVersionGroup section */
		F5BB583D1B61BB4600280EBD /* AccuratePitch.xcdatamodeld */ = {
			isa = XCVersionGroup;
			children = (
				F5BB583E1B61BB4600280EBD /* AccuratePitch.xcdatamodel */,
			);
			currentVersion = F5BB583E1B61BB4600280EBD /* AccuratePitch.xcdatamodel */;
			path = AccuratePitch.xcdatamodeld;
			sourceTree = "<group>";
			versionGroupType = wrapper.xcdatamodel;
		};
/* End XCVersionGroup section */
	};
	rootObject = F5BB582E1B61BB4600280EBD /* Project object */;
}
